
Microsoft Visual Studio Solution File, Format Version 12.00
# Visual Studio Version 17
VisualStudioVersion = 17.1.32210.238
MinimumVisualStudioVersion = 10.0.40219.1
Project("{FAE04EC0-301F-11D3-BF4B-00C04F79EFBC}") = "UC8SpecialCharcter", "UC8SpecialCharcter.csproj", "{9B086926-52EA-4A0C-9734-9D8760EB3F1C}"
EndProject
Global
	GlobalSection(SolutionConfigurationPlatforms) = preSolution
		Debug|Any CPU = Debug|Any CPU
		Release|Any CPU = Release|Any CPU
	EndGlobalSection
	GlobalSection(ProjectConfigurationPlatforms) = postSolution
		{9B086926-52EA-4A0C-9734-9D8760EB3F1C}.Debug|Any CPU.ActiveCfg = Debug|Any CPU
		{9B086926-52EA-4A0C-9734-9D8760EB3F1C}.Debug|Any CPU.Build.0 = Debug|Any CPU
		{9B086926-52EA-4A0C-9734-9D8760EB3F1C}.Release|Any CPU.ActiveCfg = Release|Any CPU
		{9B086926-52EA-4A0C-9734-9D8760EB3F1C}.Release|Any CPU.Build.0 = Release|Any CPU
	EndGlobalSection
	GlobalSection(SolutionProperties) = preSolution
		HideSolutionNode = FALSE
	EndGlobalSection
	GlobalSection(ExtensibilityGlobals) = postSolution
		SolutionGuid = {59295EBC-B4F7-4AF6-BB64-FB74EC7EE254}
	EndGlobalSection
EndGlobal
